
Microsoft Visual Studio Solution File, Format Version 12.00
# Visual Studio 15
VisualStudioVersion = 15.0.28010.2048
MinimumVisualStudioVersion = 10.0.40219.1
Project("{FAE04EC0-301F-11D3-BF4B-00C04F79EFBC}") = "MyBiscuitTest", "MyBiscuitTest\MyBiscuitTest\MyBiscuitTest.csproj", "{F84824CD-2EA6-4E4B-B6E9-5640674A6DEA}"
EndProject
Project("{FAE04EC0-301F-11D3-BF4B-00C04F79EFBC}") = "MyBiscuitTest.Android", "MyBiscuitTest\MyBiscuitTest.Android\MyBiscuitTest.Android.csproj", "{94DAC739-15A9-408E-B54B-2876DCC18D4E}"
EndProject
Project("{FAE04EC0-301F-11D3-BF4B-00C04F79EFBC}") = "MyBiscuitTest.iOS", "MyBiscuitTest\MyBiscuitTest.iOS\MyBiscuitTest.iOS.csproj", "{72029630-AD9B-4831-B288-45479374F034}"
EndProject
Project("{FAE04EC0-301F-11D3-BF4B-00C04F79EFBC}") = "MyBiscuitTest.UWP", "MyBiscuitTest\MyBiscuitTest.UWP\MyBiscuitTest.UWP.csproj", "{F99FB2DE-3486-416D-859B-D97198C58E38}"
EndProject
Global
	GlobalSection(SolutionConfigurationPlatforms) = preSolution
		Ad-Hoc|Any CPU = Ad-Hoc|Any CPU
		Ad-Hoc|ARM = Ad-Hoc|ARM
		Ad-Hoc|iPhone = Ad-Hoc|iPhone
		Ad-Hoc|iPhoneSimulator = Ad-Hoc|iPhoneSimulator
		Ad-Hoc|x64 = Ad-Hoc|x64
		Ad-Hoc|x86 = Ad-Hoc|x86
		AppStore|Any CPU = AppStore|Any CPU
		AppStore|ARM = AppStore|ARM
		AppStore|iPhone = AppStore|iPhone
		AppStore|iPhoneSimulator = AppStore|iPhoneSimulator
		AppStore|x64 = AppStore|x64
		AppStore|x86 = AppStore|x86
		Debug|Any CPU = Debug|Any CPU
		Debug|ARM = Debug|ARM
		Debug|iPhone = Debug|iPhone
		Debug|iPhoneSimulator = Debug|iPhoneSimulator
		Debug|x64 = Debug|x64
		Debug|x86 = Debug|x86
		Release|Any CPU = Release|Any CPU
		Release|ARM = Release|ARM
		Release|iPhone = Release|iPhone
		Release|iPhoneSimulator = Release|iPhoneSimulator
		Release|x64 = Release|x64
		Release|x86 = Release|x86
	EndGlobalSection
	GlobalSection(ProjectConfigurationPlatforms) = postSolution
		{F84824CD-2EA6-4E4B-B6E9-5640674A6DEA}.Ad-Hoc|Any CPU.ActiveCfg = Debug|Any CPU
		{F84824CD-2EA6-4E4B-B6E9-5640674A6DEA}.Ad-Hoc|Any CPU.Build.0 = Debug|Any CPU
		{F84824CD-2EA6-4E4B-B6E9-5640674A6DEA}.Ad-Hoc|ARM.ActiveCfg = Debug|Any CPU
		{F84824CD-2EA6-4E4B-B6E9-5640674A6DEA}.Ad-Hoc|ARM.Build.0 = Debug|Any CPU
		{F84824CD-2EA6-4E4B-B6E9-5640674A6DEA}.Ad-Hoc|iPhone.ActiveCfg = Debug|Any CPU
		{F84824CD-2EA6-4E4B-B6E9-5640674A6DEA}.Ad-Hoc|iPhone.Build.0 = Debug|Any CPU
		{F84824CD-2EA6-4E4B-B6E9-5640674A6DEA}.Ad-Hoc|iPhoneSimulator.ActiveCfg = Debug|Any CPU
		{F84824CD-2EA6-4E4B-B6E9-5640674A6DEA}.Ad-Hoc|iPhoneSimulator.Build.0 = Debug|Any CPU
		{F84824CD-2EA6-4E4B-B6E9-5640674A6DEA}.Ad-Hoc|x64.ActiveCfg = Debug|Any CPU
		{F84824CD-2EA6-4E4B-B6E9-5640674A6DEA}.Ad-Hoc|x64.Build.0 = Debug|Any CPU
		{F84824CD-2EA6-4E4B-B6E9-5640674A6DEA}.Ad-Hoc|x86.ActiveCfg = Debug|Any CPU
		{F84824CD-2EA6-4E4B-B6E9-5640674A6DEA}.Ad-Hoc|x86.Build.0 = Debug|Any CPU
		{F84824CD-2EA6-4E4B-B6E9-5640674A6DEA}.AppStore|Any CPU.ActiveCfg = Debug|Any CPU
		{F84824CD-2EA6-4E4B-B6E9-5640674A6DEA}.AppStore|Any CPU.Build.0 = Debug|Any CPU
		{F84824CD-2EA6-4E4B-B6E9-5640674A6DEA}.AppStore|ARM.ActiveCfg = Debug|Any CPU
		{F84824CD-2EA6-4E4B-B6E9-5640674A6DEA}.AppStore|ARM.Build.0 = Debug|Any CPU
		{F84824CD-2EA6-4E4B-B6E9-5640674A6DEA}.AppStore|iPhone.ActiveCfg = Debug|Any CPU
		{F84824CD-2EA6-4E4B-B6E9-5640674A6DEA}.AppStore|iPhone.Build.0 = Debug|Any CPU
		{F84824CD-2EA6-4E4B-B6E9-5640674A6DEA}.AppStore|iPhoneSimulator.ActiveCfg = Debug|Any CPU
		{F84824CD-2EA6-4E4B-B6E9-5640674A6DEA}.AppStore|iPhoneSimulator.Build.0 = Debug|Any CPU
		{F84824CD-2EA6-4E4B-B6E9-5640674A6DEA}.AppStore|x64.ActiveCfg = Debug|Any CPU
		{F84824CD-2EA6-4E4B-B6E9-5640674A6DEA}.AppStore|x64.Build.0 = Debug|Any CPU
		{F84824CD-2EA6-4E4B-B6E9-5640674A6DEA}.AppStore|x86.ActiveCfg = Debug|Any CPU
		{F84824CD-2EA6-4E4B-B6E9-5640674A6DEA}.AppStore|x86.Build.0 = Debug|Any CPU
		{F84824CD-2EA6-4E4B-B6E9-5640674A6DEA}.Debug|Any CPU.ActiveCfg = Debug|Any CPU
		{F84824CD-2EA6-4E4B-B6E9-5640674A6DEA}.Debug|Any CPU.Build.0 = Debug|Any CPU
		{F84824CD-2EA6-4E4B-B6E9-5640674A6DEA}.Debug|ARM.ActiveCfg = Debug|Any CPU
		{F84824CD-2EA6-4E4B-B6E9-5640674A6DEA}.Debug|ARM.Build.0 = Debug|Any CPU
		{F84824CD-2EA6-4E4B-B6E9-5640674A6DEA}.Debug|iPhone.ActiveCfg = Debug|Any CPU
		{F84824CD-2EA6-4E4B-B6E9-5640674A6DEA}.Debug|iPhone.Build.0 = Debug|Any CPU
		{F84824CD-2EA6-4E4B-B6E9-5640674A6DEA}.Debug|iPhoneSimulator.ActiveCfg = Debug|Any CPU
		{F84824CD-2EA6-4E4B-B6E9-5640674A6DEA}.Debug|iPhoneSimulator.Build.0 = Debug|Any CPU
		{F84824CD-2EA6-4E4B-B6E9-5640674A6DEA}.Debug|x64.ActiveCfg = Debug|Any CPU
		{F84824CD-2EA6-4E4B-B6E9-5640674A6DEA}.Debug|x64.Build.0 = Debug|Any CPU
		{F84824CD-2EA6-4E4B-B6E9-5640674A6DEA}.Debug|x86.ActiveCfg = Debug|Any CPU
		{F84824CD-2EA6-4E4B-B6E9-5640674A6DEA}.Debug|x86.Build.0 = Debug|Any CPU
		{F84824CD-2EA6-4E4B-B6E9-5640674A6DEA}.Release|Any CPU.ActiveCfg = Release|Any CPU
		{F84824CD-2EA6-4E4B-B6E9-5640674A6DEA}.Release|Any CPU.Build.0 = Release|Any CPU
		{F84824CD-2EA6-4E4B-B6E9-5640674A6DEA}.Release|ARM.ActiveCfg = Release|Any CPU
		{F84824CD-2EA6-4E4B-B6E9-5640674A6DEA}.Release|ARM.Build.0 = Release|Any CPU
		{F84824CD-2EA6-4E4B-B6E9-5640674A6DEA}.Release|iPhone.ActiveCfg = Release|Any CPU
		{F84824CD-2EA6-4E4B-B6E9-5640674A6DEA}.Release|iPhone.Build.0 = Release|Any CPU
		{F84824CD-2EA6-4E4B-B6E9-5640674A6DEA}.Release|iPhoneSimulator.ActiveCfg = Release|Any CPU
		{F84824CD-2EA6-4E4B-B6E9-5640674A6DEA}.Release|iPhoneSimulator.Build.0 = Release|Any CPU
		{F84824CD-2EA6-4E4B-B6E9-5640674A6DEA}.Release|x64.ActiveCfg = Release|Any CPU
		{F84824CD-2EA6-4E4B-B6E9-5640674A6DEA}.Release|x64.Build.0 = Release|Any CPU
		{F84824CD-2EA6-4E4B-B6E9-5640674A6DEA}.Release|x86.ActiveCfg = Release|Any CPU
		{F84824CD-2EA6-4E4B-B6E9-5640674A6DEA}.Release|x86.Build.0 = Release|Any CPU
		{94DAC739-15A9-408E-B54B-2876DCC18D4E}.Ad-Hoc|Any CPU.ActiveCfg = Release|Any CPU
		{94DAC739-15A9-408E-B54B-2876DCC18D4E}.Ad-Hoc|Any CPU.Build.0 = Release|Any CPU
		{94DAC739-15A9-408E-B54B-2876DCC18D4E}.Ad-Hoc|Any CPU.Deploy.0 = Release|Any CPU
		{94DAC739-15A9-408E-B54B-2876DCC18D4E}.Ad-Hoc|ARM.ActiveCfg = Release|Any CPU
		{94DAC739-15A9-408E-B54B-2876DCC18D4E}.Ad-Hoc|ARM.Build.0 = Release|Any CPU
		{94DAC739-15A9-408E-B54B-2876DCC18D4E}.Ad-Hoc|ARM.Deploy.0 = Release|Any CPU
		{94DAC739-15A9-408E-B54B-2876DCC18D4E}.Ad-Hoc|iPhone.ActiveCfg = Release|Any CPU
		{94DAC739-15A9-408E-B54B-2876DCC18D4E}.Ad-Hoc|iPhone.Build.0 = Release|Any CPU
		{94DAC739-15A9-408E-B54B-2876DCC18D4E}.Ad-Hoc|iPhone.Deploy.0 = Release|Any CPU
		{94DAC739-15A9-408E-B54B-2876DCC18D4E}.Ad-Hoc|iPhoneSimulator.ActiveCfg = Release|Any CPU
		{94DAC739-15A9-408E-B54B-2876DCC18D4E}.Ad-Hoc|iPhoneSimulator.Build.0 = Release|Any CPU
		{94DAC739-15A9-408E-B54B-2876DCC18D4E}.Ad-Hoc|iPhoneSimulator.Deploy.0 = Release|Any CPU
		{94DAC739-15A9-408E-B54B-2876DCC18D4E}.Ad-Hoc|x64.ActiveCfg = Release|Any CPU
		{94DAC739-15A9-408E-B54B-2876DCC18D4E}.Ad-Hoc|x64.Build.0 = Release|Any CPU
		{94DAC739-15A9-408E-B54B-2876DCC18D4E}.Ad-Hoc|x64.Deploy.0 = Release|Any CPU
		{94DAC739-15A9-408E-B54B-2876DCC18D4E}.Ad-Hoc|x86.ActiveCfg = Release|Any CPU
		{94DAC739-15A9-408E-B54B-2876DCC18D4E}.Ad-Hoc|x86.Build.0 = Release|Any CPU
		{94DAC739-15A9-408E-B54B-2876DCC18D4E}.Ad-Hoc|x86.Deploy.0 = Release|Any CPU
		{94DAC739-15A9-408E-B54B-2876DCC18D4E}.AppStore|Any CPU.ActiveCfg = Release|Any CPU
		{94DAC739-15A9-408E-B54B-2876DCC18D4E}.AppStore|Any CPU.Build.0 = Release|Any CPU
		{94DAC739-15A9-408E-B54B-2876DCC18D4E}.AppStore|Any CPU.Deploy.0 = Release|Any CPU
		{94DAC739-15A9-408E-B54B-2876DCC18D4E}.AppStore|ARM.ActiveCfg = Release|Any CPU
		{94DAC739-15A9-408E-B54B-2876DCC18D4E}.AppStore|ARM.Build.0 = Release|Any CPU
		{94DAC739-15A9-408E-B54B-2876DCC18D4E}.AppStore|ARM.Deploy.0 = Release|Any CPU
		{94DAC739-15A9-408E-B54B-2876DCC18D4E}.AppStore|iPhone.ActiveCfg = Release|Any CPU
		{94DAC739-15A9-408E-B54B-2876DCC18D4E}.AppStore|iPhone.Build.0 = Release|Any CPU
		{94DAC739-15A9-408E-B54B-2876DCC18D4E}.AppStore|iPhone.Deploy.0 = Release|Any CPU
		{94DAC739-15A9-408E-B54B-2876DCC18D4E}.AppStore|iPhoneSimulator.ActiveCfg = Release|Any CPU
		{94DAC739-15A9-408E-B54B-2876DCC18D4E}.AppStore|iPhoneSimulator.Build.0 = Release|Any CPU
		{94DAC739-15A9-408E-B54B-2876DCC18D4E}.AppStore|iPhoneSimulator.Deploy.0 = Release|Any CPU
		{94DAC739-15A9-408E-B54B-2876DCC18D4E}.AppStore|x64.ActiveCfg = Release|Any CPU
		{94DAC739-15A9-408E-B54B-2876DCC18D4E}.AppStore|x64.Build.0 = Release|Any CPU
		{94DAC739-15A9-408E-B54B-2876DCC18D4E}.AppStore|x64.Deploy.0 = Release|Any CPU
		{94DAC739-15A9-408E-B54B-2876DCC18D4E}.AppStore|x86.ActiveCfg = Release|Any CPU
		{94DAC739-15A9-408E-B54B-2876DCC18D4E}.AppStore|x86.Build.0 = Release|Any CPU
		{94DAC739-15A9-408E-B54B-2876DCC18D4E}.AppStore|x86.Deploy.0 = Release|Any CPU
		{94DAC739-15A9-408E-B54B-2876DCC18D4E}.Debug|Any CPU.ActiveCfg = Debug|Any CPU
		{94DAC739-15A9-408E-B54B-2876DCC18D4E}.Debug|Any CPU.Build.0 = Debug|Any CPU
		{94DAC739-15A9-408E-B54B-2876DCC18D4E}.Debug|Any CPU.Deploy.0 = Debug|Any CPU
		{94DAC739-15A9-408E-B54B-2876DCC18D4E}.Debug|ARM.ActiveCfg = Debug|Any CPU
		{94DAC739-15A9-408E-B54B-2876DCC18D4E}.Debug|ARM.Build.0 = Debug|Any CPU
		{94DAC739-15A9-408E-B54B-2876DCC18D4E}.Debug|ARM.Deploy.0 = Debug|Any CPU
		{94DAC739-15A9-408E-B54B-2876DCC18D4E}.Debug|iPhone.ActiveCfg = Debug|Any CPU
		{94DAC739-15A9-408E-B54B-2876DCC18D4E}.Debug|iPhone.Build.0 = Debug|Any CPU
		{94DAC739-15A9-408E-B54B-2876DCC18D4E}.Debug|iPhone.Deploy.0 = Debug|Any CPU
		{94DAC739-15A9-408E-B54B-2876DCC18D4E}.Debug|iPhoneSimulator.ActiveCfg = Debug|Any CPU
		{94DAC739-15A9-408E-B54B-2876DCC18D4E}.Debug|iPhoneSimulator.Build.0 = Debug|Any CPU
		{94DAC739-15A9-408E-B54B-2876DCC18D4E}.Debug|iPhoneSimulator.Deploy.0 = Debug|Any CPU
		{94DAC739-15A9-408E-B54B-2876DCC18D4E}.Debug|x64.ActiveCfg = Debug|Any CPU
		{94DAC739-15A9-408E-B54B-2876DCC18D4E}.Debug|x64.Build.0 = Debug|Any CPU
		{94DAC739-15A9-408E-B54B-2876DCC18D4E}.Debug|x64.Deploy.0 = Debug|Any CPU
		{94DAC739-15A9-408E-B54B-2876DCC18D4E}.Debug|x86.ActiveCfg = Debug|Any CPU
		{94DAC739-15A9-408E-B54B-2876DCC18D4E}.Debug|x86.Build.0 = Debug|Any CPU
		{94DAC739-15A9-408E-B54B-2876DCC18D4E}.Debug|x86.Deploy.0 = Debug|Any CPU
		{94DAC739-15A9-408E-B54B-2876DCC18D4E}.Release|Any CPU.ActiveCfg = Release|Any CPU
		{94DAC739-15A9-408E-B54B-2876DCC18D4E}.Release|Any CPU.Build.0 = Release|Any CPU
		{94DAC739-15A9-408E-B54B-2876DCC18D4E}.Release|Any CPU.Deploy.0 = Release|Any CPU
		{94DAC739-15A9-408E-B54B-2876DCC18D4E}.Release|ARM.ActiveCfg = Release|Any CPU
		{94DAC739-15A9-408E-B54B-2876DCC18D4E}.Release|ARM.Build.0 = Release|Any CPU
		{94DAC739-15A9-408E-B54B-2876DCC18D4E}.Release|ARM.Deploy.0 = Release|Any CPU
		{94DAC739-15A9-408E-B54B-2876DCC18D4E}.Release|iPhone.ActiveCfg = Release|Any CPU
		{94DAC739-15A9-408E-B54B-2876DCC18D4E}.Release|iPhone.Build.0 = Release|Any CPU
		{94DAC739-15A9-408E-B54B-2876DCC18D4E}.Release|iPhone.Deploy.0 = Release|Any CPU
		{94DAC739-15A9-408E-B54B-2876DCC18D4E}.Release|iPhoneSimulator.ActiveCfg = Release|Any CPU
		{94DAC739-15A9-408E-B54B-2876DCC18D4E}.Release|iPhoneSimulator.Build.0 = Release|Any CPU
		{94DAC739-15A9-408E-B54B-2876DCC18D4E}.Release|iPhoneSimulator.Deploy.0 = Release|Any CPU
		{94DAC739-15A9-408E-B54B-2876DCC18D4E}.Release|x64.ActiveCfg = Release|Any CPU
		{94DAC739-15A9-408E-B54B-2876DCC18D4E}.Release|x64.Build.0 = Release|Any CPU
		{94DAC739-15A9-408E-B54B-2876DCC18D4E}.Release|x64.Deploy.0 = Release|Any CPU
		{94DAC739-15A9-408E-B54B-2876DCC18D4E}.Release|x86.ActiveCfg = Release|Any CPU
		{94DAC739-15A9-408E-B54B-2876DCC18D4E}.Release|x86.Build.0 = Release|Any CPU
		{94DAC739-15A9-408E-B54B-2876DCC18D4E}.Release|x86.Deploy.0 = Release|Any CPU
		{72029630-AD9B-4831-B288-45479374F034}.Ad-Hoc|Any CPU.ActiveCfg = Ad-Hoc|iPhone
		{72029630-AD9B-4831-B288-45479374F034}.Ad-Hoc|ARM.ActiveCfg = Ad-Hoc|iPhone
		{72029630-AD9B-4831-B288-45479374F034}.Ad-Hoc|iPhone.ActiveCfg = Ad-Hoc|iPhone
		{72029630-AD9B-4831-B288-45479374F034}.Ad-Hoc|iPhone.Build.0 = Ad-Hoc|iPhone
		{72029630-AD9B-4831-B288-45479374F034}.Ad-Hoc|iPhoneSimulator.ActiveCfg = Ad-Hoc|iPhoneSimulator
		{72029630-AD9B-4831-B288-45479374F034}.Ad-Hoc|iPhoneSimulator.Build.0 = Ad-Hoc|iPhoneSimulator
		{72029630-AD9B-4831-B288-45479374F034}.Ad-Hoc|x64.ActiveCfg = Ad-Hoc|iPhone
		{72029630-AD9B-4831-B288-45479374F034}.Ad-Hoc|x86.ActiveCfg = Ad-Hoc|iPhone
		{72029630-AD9B-4831-B288-45479374F034}.AppStore|Any CPU.ActiveCfg = AppStore|iPhone
		{72029630-AD9B-4831-B288-45479374F034}.AppStore|ARM.ActiveCfg = AppStore|iPhone
		{72029630-AD9B-4831-B288-45479374F034}.AppStore|iPhone.ActiveCfg = AppStore|iPhone
		{72029630-AD9B-4831-B288-45479374F034}.AppStore|iPhone.Build.0 = AppStore|iPhone
		{72029630-AD9B-4831-B288-45479374F034}.AppStore|iPhoneSimulator.ActiveCfg = AppStore|iPhoneSimulator
		{72029630-AD9B-4831-B288-45479374F034}.AppStore|iPhoneSimulator.Build.0 = AppStore|iPhoneSimulator
		{72029630-AD9B-4831-B288-45479374F034}.AppStore|x64.ActiveCfg = AppStore|iPhone
		{72029630-AD9B-4831-B288-45479374F034}.AppStore|x86.ActiveCfg = AppStore|iPhone
		{72029630-AD9B-4831-B288-45479374F034}.Debug|Any CPU.ActiveCfg = Debug|iPhone
		{72029630-AD9B-4831-B288-45479374F034}.Debug|ARM.ActiveCfg = Debug|iPhone
		{72029630-AD9B-4831-B288-45479374F034}.Debug|iPhone.ActiveCfg = Debug|iPhone
		{72029630-AD9B-4831-B288-45479374F034}.Debug|iPhone.Build.0 = Debug|iPhone
		{72029630-AD9B-4831-B288-45479374F034}.Debug|iPhoneSimulator.ActiveCfg = Debug|iPhoneSimulator
		{72029630-AD9B-4831-B288-45479374F034}.Debug|iPhoneSimulator.Build.0 = Debug|iPhoneSimulator
		{72029630-AD9B-4831-B288-45479374F034}.Debug|x64.ActiveCfg = Debug|iPhone
		{72029630-AD9B-4831-B288-45479374F034}.Debug|x86.ActiveCfg = Debug|iPhone
		{72029630-AD9B-4831-B288-45479374F034}.Release|Any CPU.ActiveCfg = Release|iPhone
		{72029630-AD9B-4831-B288-45479374F034}.Release|ARM.ActiveCfg = Release|iPhone
		{72029630-AD9B-4831-B288-45479374F034}.Release|iPhone.ActiveCfg = Release|iPhone
		{72029630-AD9B-4831-B288-45479374F034}.Release|iPhone.Build.0 = Release|iPhone
		{72029630-AD9B-4831-B288-45479374F034}.Release|iPhoneSimulator.ActiveCfg = Release|iPhoneSimulator
		{72029630-AD9B-4831-B288-45479374F034}.Release|iPhoneSimulator.Build.0 = Release|iPhoneSimulator
		{72029630-AD9B-4831-B288-45479374F034}.Release|x64.ActiveCfg = Release|iPhone
		{72029630-AD9B-4831-B288-45479374F034}.Release|x86.ActiveCfg = Release|iPhone
		{F99FB2DE-3486-416D-859B-D97198C58E38}.Ad-Hoc|Any CPU.ActiveCfg = Release|x86
		{F99FB2DE-3486-416D-859B-D97198C58E38}.Ad-Hoc|Any CPU.Build.0 = Release|x86
		{F99FB2DE-3486-416D-859B-D97198C58E38}.Ad-Hoc|Any CPU.Deploy.0 = Release|x86
		{F99FB2DE-3486-416D-859B-D97198C58E38}.Ad-Hoc|ARM.ActiveCfg = Release|ARM
		{F99FB2DE-3486-416D-859B-D97198C58E38}.Ad-Hoc|ARM.Build.0 = Release|ARM
		{F99FB2DE-3486-416D-859B-D97198C58E38}.Ad-Hoc|ARM.Deploy.0 = Release|ARM
		{F99FB2DE-3486-416D-859B-D97198C58E38}.Ad-Hoc|iPhone.ActiveCfg = Release|x86
		{F99FB2DE-3486-416D-859B-D97198C58E38}.Ad-Hoc|iPhone.Build.0 = Release|x86
		{F99FB2DE-3486-416D-859B-D97198C58E38}.Ad-Hoc|iPhone.Deploy.0 = Release|x86
		{F99FB2DE-3486-416D-859B-D97198C58E38}.Ad-Hoc|iPhoneSimulator.ActiveCfg = Release|x86
		{F99FB2DE-3486-416D-859B-D97198C58E38}.Ad-Hoc|iPhoneSimulator.Build.0 = Release|x86
		{F99FB2DE-3486-416D-859B-D97198C58E38}.Ad-Hoc|iPhoneSimulator.Deploy.0 = Release|x86
		{F99FB2DE-3486-416D-859B-D97198C58E38}.Ad-Hoc|x64.ActiveCfg = Release|x64
		{F99FB2DE-3486-416D-859B-D97198C58E38}.Ad-Hoc|x64.Build.0 = Release|x64
		{F99FB2DE-3486-416D-859B-D97198C58E38}.Ad-Hoc|x64.Deploy.0 = Release|x64
		{F99FB2DE-3486-416D-859B-D97198C58E38}.Ad-Hoc|x86.ActiveCfg = Release|x86
		{F99FB2DE-3486-416D-859B-D97198C58E38}.Ad-Hoc|x86.Build.0 = Release|x86
		{F99FB2DE-3486-416D-859B-D97198C58E38}.Ad-Hoc|x86.Deploy.0 = Release|x86
		{F99FB2DE-3486-416D-859B-D97198C58E38}.AppStore|Any CPU.ActiveCfg = Release|x86
		{F99FB2DE-3486-416D-859B-D97198C58E38}.AppStore|Any CPU.Build.0 = Release|x86
		{F99FB2DE-3486-416D-859B-D97198C58E38}.AppStore|Any CPU.Deploy.0 = Release|x86
		{F99FB2DE-3486-416D-859B-D97198C58E38}.AppStore|ARM.ActiveCfg = Release|ARM
		{F99FB2DE-3486-416D-859B-D97198C58E38}.AppStore|ARM.Build.0 = Release|ARM
		{F99FB2DE-3486-416D-859B-D97198C58E38}.AppStore|ARM.Deploy.0 = Release|ARM
		{F99FB2DE-3486-416D-859B-D97198C58E38}.AppStore|iPhone.ActiveCfg = Release|x86
		{F99FB2DE-3486-416D-859B-D97198C58E38}.AppStore|iPhone.Build.0 = Release|x86
		{F99FB2DE-3486-416D-859B-D97198C58E38}.AppStore|iPhone.Deploy.0 = Release|x86
		{F99FB2DE-3486-416D-859B-D97198C58E38}.AppStore|iPhoneSimulator.ActiveCfg = Release|x86
		{F99FB2DE-3486-416D-859B-D97198C58E38}.AppStore|iPhoneSimulator.Build.0 = Release|x86
		{F99FB2DE-3486-416D-859B-D97198C58E38}.AppStore|iPhoneSimulator.Deploy.0 = Release|x86
		{F99FB2DE-3486-416D-859B-D97198C58E38}.AppStore|x64.ActiveCfg = Release|x64
		{F99FB2DE-3486-416D-859B-D97198C58E38}.AppStore|x64.Build.0 = Release|x64
		{F99FB2DE-3486-416D-859B-D97198C58E38}.AppStore|x64.Deploy.0 = Release|x64
		{F99FB2DE-3486-416D-859B-D97198C58E38}.AppStore|x86.ActiveCfg = Release|x86
		{F99FB2DE-3486-416D-859B-D97198C58E38}.AppStore|x86.Build.0 = Release|x86
		{F99FB2DE-3486-416D-859B-D97198C58E38}.AppStore|x86.Deploy.0 = Release|x86
		{F99FB2DE-3486-416D-859B-D97198C58E38}.Debug|Any CPU.ActiveCfg = Debug|x86
		{F99FB2DE-3486-416D-859B-D97198C58E38}.Debug|ARM.ActiveCfg = Debug|ARM
		{F99FB2DE-3486-416D-859B-D97198C58E38}.Debug|ARM.Build.0 = Debug|ARM
		{F99FB2DE-3486-416D-859B-D97198C58E38}.Debug|ARM.Deploy.0 = Debug|ARM
		{F99FB2DE-3486-416D-859B-D97198C58E38}.Debug|iPhone.ActiveCfg = Debug|x86
		{F99FB2DE-3486-416D-859B-D97198C58E38}.Debug|iPhoneSimulator.ActiveCfg = Debug|x86
		{F99FB2DE-3486-416D-859B-D97198C58E38}.Debug|x64.ActiveCfg = Debug|x64
		{F99FB2DE-3486-416D-859B-D97198C58E38}.Debug|x64.Build.0 = Debug|x64
		{F99FB2DE-3486-416D-859B-D97198C58E38}.Debug|x64.Deploy.0 = Debug|x64
		{F99FB2DE-3486-416D-859B-D97198C58E38}.Debug|x86.ActiveCfg = Debug|x86
		{F99FB2DE-3486-416D-859B-D97198C58E38}.Debug|x86.Build.0 = Debug|x86
		{F99FB2DE-3486-416D-859B-D97198C58E38}.Debug|x86.Deploy.0 = Debug|x86
		{F99FB2DE-3486-416D-859B-D97198C58E38}.Release|Any CPU.ActiveCfg = Release|x86
		{F99FB2DE-3486-416D-859B-D97198C58E38}.Release|ARM.ActiveCfg = Release|ARM
		{F99FB2DE-3486-416D-859B-D97198C58E38}.Release|ARM.Build.0 = Release|ARM
		{F99FB2DE-3486-416D-859B-D97198C58E38}.Release|ARM.Deploy.0 = Release|ARM
		{F99FB2DE-3486-416D-859B-D97198C58E38}.Release|iPhone.ActiveCfg = Release|x86
		{F99FB2DE-3486-416D-859B-D97198C58E38}.Release|iPhoneSimulator.ActiveCfg = Release|x86
		{F99FB2DE-3486-416D-859B-D97198C58E38}.Release|x64.ActiveCfg = Release|x64
		{F99FB2DE-3486-416D-859B-D97198C58E38}.Release|x64.Build.0 = Release|x64
		{F99FB2DE-3486-416D-859B-D97198C58E38}.Release|x64.Deploy.0 = Release|x64
		{F99FB2DE-3486-416D-859B-D97198C58E38}.Release|x86.ActiveCfg = Release|x86
		{F99FB2DE-3486-416D-859B-D97198C58E38}.Release|x86.Build.0 = Release|x86
		{F99FB2DE-3486-416D-859B-D97198C58E38}.Release|x86.Deploy.0 = Release|x86
	EndGlobalSection
	GlobalSection(SolutionProperties) = preSolution
		HideSolutionNode = FALSE
	EndGlobalSection
	GlobalSection(ExtensibilityGlobals) = postSolution
		SolutionGuid = {2766D1A1-535F-4572-891E-9FA6FDCAAC9F}
	EndGlobalSection
EndGlobal
